
Microsoft Visual Studio Solution File, Format Version 12.00
Project("{FAE04EC0-301F-11D3-BF4B-00C04F79EFBC}") = "OrtForge.AI.Models", "OrtForge.AI.Models\OrtForge.AI.Models.csproj", "{14F6B553-9F76-4BFC-8617-358966566639}"
EndProject
Project("{FAE04EC0-301F-11D3-BF4B-00C04F79EFBC}") = "OrtForge.AI.MicroBenchmarks", "OrtForge.AI.MicroBenchmarks\OrtForge.AI.MicroBenchmarks.csproj", "{3BC0C165-D16A-4C88-A9F4-C50C0ABBDA07}"
EndProject
Project("{FAE04EC0-301F-11D3-BF4B-00C04F79EFBC}") = "OrtForge.AI.UnitTests", "OrtForge.AI.UnitTests\OrtForge.AI.UnitTests.csproj", "{434E9C27-B179-4809-B6EE-8D12694A299C}"
EndProject
Project("{FAE04EC0-301F-11D3-BF4B-00C04F79EFBC}") = "OrtForge.PgSql", "OrtForge.PgSql\OrtForge.PgSql.csproj", "{EC7E16B2-1009-49CE-AD6D-6F929118FCFC}"
EndProject
Global
	GlobalSection(SolutionConfigurationPlatforms) = preSolution
		Debug|Any CPU = Debug|Any CPU
		Release|Any CPU = Release|Any CPU
	EndGlobalSection
	GlobalSection(ProjectConfigurationPlatforms) = postSolution
		{14F6B553-9F76-4BFC-8617-358966566639}.Debug|Any CPU.ActiveCfg = Debug|Any CPU
		{14F6B553-9F76-4BFC-8617-358966566639}.Debug|Any CPU.Build.0 = Debug|Any CPU
		{14F6B553-9F76-4BFC-8617-358966566639}.Release|Any CPU.ActiveCfg = Release|Any CPU
		{14F6B553-9F76-4BFC-8617-358966566639}.Release|Any CPU.Build.0 = Release|Any CPU
		{3BC0C165-D16A-4C88-A9F4-C50C0ABBDA07}.Debug|Any CPU.ActiveCfg = Debug|Any CPU
		{3BC0C165-D16A-4C88-A9F4-C50C0ABBDA07}.Debug|Any CPU.Build.0 = Debug|Any CPU
		{3BC0C165-D16A-4C88-A9F4-C50C0ABBDA07}.Release|Any CPU.ActiveCfg = Release|Any CPU
		{3BC0C165-D16A-4C88-A9F4-C50C0ABBDA07}.Release|Any CPU.Build.0 = Release|Any CPU
		{434E9C27-B179-4809-B6EE-8D12694A299C}.Debug|Any CPU.ActiveCfg = Debug|Any CPU
		{434E9C27-B179-4809-B6EE-8D12694A299C}.Debug|Any CPU.Build.0 = Debug|Any CPU
		{434E9C27-B179-4809-B6EE-8D12694A299C}.Release|Any CPU.ActiveCfg = Release|Any CPU
		{434E9C27-B179-4809-B6EE-8D12694A299C}.Release|Any CPU.Build.0 = Release|Any CPU
		{EC7E16B2-1009-49CE-AD6D-6F929118FCFC}.Debug|Any CPU.ActiveCfg = Debug|Any CPU
		{EC7E16B2-1009-49CE-AD6D-6F929118FCFC}.Debug|Any CPU.Build.0 = Debug|Any CPU
		{EC7E16B2-1009-49CE-AD6D-6F929118FCFC}.Release|Any CPU.ActiveCfg = Release|Any CPU
		{EC7E16B2-1009-49CE-AD6D-6F929118FCFC}.Release|Any CPU.Build.0 = Release|Any CPU
	EndGlobalSection
EndGlobal
